
Microsoft Visual Studio Solution File, Format Version 12.00
# Visual Studio Version 16
VisualStudioVersion = 16.0.30907.101
MinimumVisualStudioVersion = 10.0.40219.1
Project("{FAE04EC0-301F-11D3-BF4B-00C04F79EFBC}") = "NewsConcentratorSystem", "NewsConcentratorSystem.csproj", "{F3E5BFFD-22D3-47D3-AC0C-8AC3D1C587EA}"
EndProject
Global
	GlobalSection(SolutionConfigurationPlatforms) = preSolution
		Debug|Any CPU = Debug|Any CPU
		Release|Any CPU = Release|Any CPU
	EndGlobalSection
	GlobalSection(ProjectConfigurationPlatforms) = postSolution
		{F3E5BFFD-22D3-47D3-AC0C-8AC3D1C587EA}.Debug|Any CPU.ActiveCfg = Debug|Any CPU
		{F3E5BFFD-22D3-47D3-AC0C-8AC3D1C587EA}.Debug|Any CPU.Build.0 = Debug|Any CPU
		{F3E5BFFD-22D3-47D3-AC0C-8AC3D1C587EA}.Release|Any CPU.ActiveCfg = Release|Any CPU
		{F3E5BFFD-22D3-47D3-AC0C-8AC3D1C587EA}.Release|Any CPU.Build.0 = Release|Any CPU
	EndGlobalSection
	GlobalSection(SolutionProperties) = preSolution
		HideSolutionNode = FALSE
	EndGlobalSection
	GlobalSection(ExtensibilityGlobals) = postSolution
		SolutionGuid = {DC604773-02D6-4E34-8D91-82E5B3636329}
	EndGlobalSection
EndGlobal
